
Microsoft Visual Studio Solution File, Format Version 12.00
# Visual Studio Version 17
VisualStudioVersion = 17.14.36429.23 d17.14
MinimumVisualStudioVersion = 10.0.40219.1
Project("{FAE04EC0-301F-11D3-BF4B-00C04F79EFBC}") = "Backend", "Backend.csproj", "{8087C3CB-3645-4FE5-AB3A-2639A5BAAE71}"
EndProject
Global
	GlobalSection(SolutionConfigurationPlatforms) = preSolution
		Debug|Any CPU = Debug|Any CPU
		Release|Any CPU = Release|Any CPU
	EndGlobalSection
	GlobalSection(ProjectConfigurationPlatforms) = postSolution
		{8087C3CB-3645-4FE5-AB3A-2639A5BAAE71}.Debug|Any CPU.ActiveCfg = Debug|Any CPU
		{8087C3CB-3645-4FE5-AB3A-2639A5BAAE71}.Debug|Any CPU.Build.0 = Debug|Any CPU
		{8087C3CB-3645-4FE5-AB3A-2639A5BAAE71}.Release|Any CPU.ActiveCfg = Release|Any CPU
		{8087C3CB-3645-4FE5-AB3A-2639A5BAAE71}.Release|Any CPU.Build.0 = Release|Any CPU
	EndGlobalSection
	GlobalSection(SolutionProperties) = preSolution
		HideSolutionNode = FALSE
	EndGlobalSection
	GlobalSection(ExtensibilityGlobals) = postSolution
		SolutionGuid = {35F5B3B9-9390-4C84-8613-8DCE08BC24DE}
	EndGlobalSection
EndGlobal
